// !$*UTF8*$!
{
	archiveVersion = 1;
	classes = {
	};
	objectVersion = 54;
	objects = {

/* Begin PBXBuildFile section */
		98096D2E267FD94D0041BB64 /* StringLocalize.swift in Sources */ = {isa = PBXBuildFile; fileRef = 98096D2D267FD94D0041BB64 /* StringLocalize.swift */; };
		98096D30267FD96A0041BB64 /* Language.swift in Sources */ = {isa = PBXBuildFile; fileRef = 98096D2F267FD96A0041BB64 /* Language.swift */; };
		98096D32267FD9DA0041BB64 /* LocalizationService.swift in Sources */ = {isa = PBXBuildFile; fileRef = 98096D31267FD9DA0041BB64 /* LocalizationService.swift */; };
		98153EE026884C8D00D7FF78 /* MainText1.swift in Sources */ = {isa = PBXBuildFile; fileRef = 98153EDF26884C8D00D7FF78 /* MainText1.swift */; };
		98153EE226884FBC00D7FF78 /* MainText3.swift in Sources */ = {isa = PBXBuildFile; fileRef = 98153EE126884FBC00D7FF78 /* MainText3.swift */; };
		98684D9B267751D8008807AC /* ScrollElement.swift in Sources */ = {isa = PBXBuildFile; fileRef = 98684D9A267751D8008807AC /* ScrollElement.swift */; };
		98684DA326779BF5008807AC /* Localizable.strings in Resources */ = {isa = PBXBuildFile; fileRef = 98684DA526779BF5008807AC /* Localizable.strings */; };
		9882552926234ACE00126B2B /* AppNavigationBarCustom.swift in Sources */ = {isa = PBXBuildFile; fileRef = 9882552826234ACD00126B2B /* AppNavigationBarCustom.swift */; };
		98B6DDCC26218197003078F8 /* SimpleText.swift in Sources */ = {isa = PBXBuildFile; fileRef = 98B6DDCB26218197003078F8 /* SimpleText.swift */; };
		98B6DDD1262181A4003078F8 /* SimpleOne.swift in Sources */ = {isa = PBXBuildFile; fileRef = 98B6DDD0262181A4003078F8 /* SimpleOne.swift */; };
		98B87B3D26119F2F00204D06 /* Talysh_DisctionaryApp.swift in Sources */ = {isa = PBXBuildFile; fileRef = 98B87B3C26119F2F00204D06 /* Talysh_DisctionaryApp.swift */; };
		98B87B3F26119F2F00204D06 /* ContentView.swift in Sources */ = {isa = PBXBuildFile; fileRef = 98B87B3E26119F2F00204D06 /* ContentView.swift */; };
		98B87B4126119F3200204D06 /* Assets.xcassets in Resources */ = {isa = PBXBuildFile; fileRef = 98B87B4026119F3200204D06 /* Assets.xcassets */; };
		98B87B4426119F3200204D06 /* Preview Assets.xcassets in Resources */ = {isa = PBXBuildFile; fileRef = 98B87B4326119F3200204D06 /* Preview Assets.xcassets */; };
		98B87B4F26119F3200204D06 /* Talysh_DisctionaryTests.swift in Sources */ = {isa = PBXBuildFile; fileRef = 98B87B4E26119F3200204D06 /* Talysh_DisctionaryTests.swift */; };
		98B87B5A26119F3200204D06 /* Talysh_DisctionaryUITests.swift in Sources */ = {isa = PBXBuildFile; fileRef = 98B87B5926119F3200204D06 /* Talysh_DisctionaryUITests.swift */; };
		98B87B6B2611C7C600204D06 /* MenusView.swift in Sources */ = {isa = PBXBuildFile; fileRef = 98B87B6A2611C7C600204D06 /* MenusView.swift */; };
		98D0BBC726610F4800E48765 /* View3.swift in Sources */ = {isa = PBXBuildFile; fileRef = 98D0BBBC26610F4700E48765 /* View3.swift */; };
		98D0BBC826610F4800E48765 /* SettinView.swift in Sources */ = {isa = PBXBuildFile; fileRef = 98D0BBBD26610F4700E48765 /* SettinView.swift */; };
		98D0BBC926610F4800E48765 /* View2.swift in Sources */ = {isa = PBXBuildFile; fileRef = 98D0BBBE26610F4700E48765 /* View2.swift */; };
		98D0BBCA26610F4800E48765 /* EnumDicti.swift in Sources */ = {isa = PBXBuildFile; fileRef = 98D0BBBF26610F4800E48765 /* EnumDicti.swift */; };
		98D0BBCB26610F4800E48765 /* View1.swift in Sources */ = {isa = PBXBuildFile; fileRef = 98D0BBC026610F4800E48765 /* View1.swift */; };
		98D0BBCC26610F4800E48765 /* SubsrcView.swift in Sources */ = {isa = PBXBuildFile; fileRef = 98D0BBC126610F4800E48765 /* SubsrcView.swift */; };
		98D0BBCD26610F4800E48765 /* SharedData.swift in Sources */ = {isa = PBXBuildFile; fileRef = 98D0BBC226610F4800E48765 /* SharedData.swift */; };
		98D0BBCE26610F4800E48765 /* losObject.swift in Sources */ = {isa = PBXBuildFile; fileRef = 98D0BBC326610F4800E48765 /* losObject.swift */; };
		98D0BBCF26610F4800E48765 /* ViewEnums.swift in Sources */ = {isa = PBXBuildFile; fileRef = 98D0BBC426610F4800E48765 /* ViewEnums.swift */; };
		98D0BBD026610F4800E48765 /* ContactsView.swift in Sources */ = {isa = PBXBuildFile; fileRef = 98D0BBC526610F4800E48765 /* ContactsView.swift */; };
		98D0BBD126610F4800E48765 /* DataHelp.swift in Sources */ = {isa = PBXBuildFile; fileRef = 98D0BBC626610F4800E48765 /* DataHelp.swift */; };
		98D0BBD326610F8B00E48765 /* db_data.db in Resources */ = {isa = PBXBuildFile; fileRef = 98D0BBD226610F8A00E48765 /* db_data.db */; };
		98D0BBD8266111EA00E48765 /* AlphaView.swift in Sources */ = {isa = PBXBuildFile; fileRef = 98D0BBD7266111EA00E48765 /* AlphaView.swift */; };
		DEEBDF2DEBF3C2AB22DCD17D /* Pods_Talysh_Disctionary.framework in Frameworks */ = {isa = PBXBuildFile; fileRef = F470191D72AC9D0404D1A5B6 /* Pods_Talysh_Disctionary.framework */; };
/* End PBXBuildFile section */

/* Begin PBXContainerItemProxy section */
		98B87B4B26119F3200204D06 /* PBXContainerItemProxy */ = {
			isa = PBXContainerItemProxy;
			containerPortal = 98B87B3126119F2F00204D06 /* Project object */;
			proxyType = 1;
			remoteGlobalIDString = 98B87B3826119F2F00204D06;
			remoteInfo = "Talysh Disctionary";
		};
		98B87B5626119F3200204D06 /* PBXContainerItemProxy */ = {
			isa = PBXContainerItemProxy;
			containerPortal = 98B87B3126119F2F00204D06 /* Project object */;
			proxyType = 1;
			remoteGlobalIDString = 98B87B3826119F2F00204D06;
			remoteInfo = "Talysh Disctionary";
		};
/* End PBXContainerItemProxy section */

/* Begin PBXFileReference section */
		315EC62E1FF84FD9C41C1C73 /* Pods-Talysh Disctionary.debug.xcconfig */ = {isa = PBXFileReference; includeInIndex = 1; lastKnownFileType = text.xcconfig; name = "Pods-Talysh Disctionary.debug.xcconfig"; path = "Target Support Files/Pods-Talysh Disctionary/Pods-Talysh Disctionary.debug.xcconfig"; sourceTree = "<group>"; };
		90A069B15A675D722A02E5BE /* Pods-Talysh Disctionary.release.xcconfig */ = {isa = PBXFileReference; includeInIndex = 1; lastKnownFileType = text.xcconfig; name = "Pods-Talysh Disctionary.release.xcconfig"; path = "Target Support Files/Pods-Talysh Disctionary/Pods-Talysh Disctionary.release.xcconfig"; sourceTree = "<group>"; };
		98096D2D267FD94D0041BB64 /* StringLocalize.swift */ = {isa = PBXFileReference; lastKnownFileType = sourcecode.swift; path = StringLocalize.swift; sourceTree = "<group>"; };
		98096D2F267FD96A0041BB64 /* Language.swift */ = {isa = PBXFileReference; lastKnownFileType = sourcecode.swift; path = Language.swift; sourceTree = "<group>"; };
		98096D31267FD9DA0041BB64 /* LocalizationService.swift */ = {isa = PBXFileReference; lastKnownFileType = sourcecode.swift; path = LocalizationService.swift; sourceTree = "<group>"; };
		98096D35267FDC640041BB64 /* az */ = {isa = PBXFileReference; lastKnownFileType = text.plist.strings; name = az; path = az.lproj/Localizable.strings; sourceTree = "<group>"; };
		98096D36267FDCD80041BB64 /* fa */ = {isa = PBXFileReference; lastKnownFileType = text.plist.strings; name = fa; path = fa.lproj/Localizable.strings; sourceTree = "<group>"; };
		98096D38267FDDFB0041BB64 /* en */ = {isa = PBXFileReference; lastKnownFileType = text.plist.strings; name = en; path = en.lproj/Localizable.strings; sourceTree = "<group>"; };
		98153EDF26884C8D00D7FF78 /* MainText1.swift */ = {isa = PBXFileReference; lastKnownFileType = sourcecode.swift; path = MainText1.swift; sourceTree = "<group>"; };
		98153EE126884FBC00D7FF78 /* MainText3.swift */ = {isa = PBXFileReference; lastKnownFileType = sourcecode.swift; path = MainText3.swift; sourceTree = "<group>"; };
		98684D9A267751D8008807AC /* ScrollElement.swift */ = {isa = PBXFileReference; lastKnownFileType = sourcecode.swift; path = ScrollElement.swift; sourceTree = "<group>"; };
		98684DA426779BF5008807AC /* ru */ = {isa = PBXFileReference; lastKnownFileType = text.plist.strings; name = ru; path = ru.lproj/Localizable.strings; sourceTree = "<group>"; };
		9882552826234ACD00126B2B /* AppNavigationBarCustom.swift */ = {isa = PBXFileReference; lastKnownFileType = sourcecode.swift; path = AppNavigationBarCustom.swift; sourceTree = "<group>"; };
		98B6DDCB26218197003078F8 /* SimpleText.swift */ = {isa = PBXFileReference; lastKnownFileType = sourcecode.swift; path = SimpleText.swift; sourceTree = "<group>"; };
		98B6DDD0262181A4003078F8 /* SimpleOne.swift */ = {isa = PBXFileReference; lastKnownFileType = sourcecode.swift; path = SimpleOne.swift; sourceTree = "<group>"; };
		98B87B3926119F2F00204D06 /* Talysh Disctionary.app */ = {isa = PBXFileReference; explicitFileType = wrapper.application; includeInIndex = 0; path = "Talysh Disctionary.app"; sourceTree = BUILT_PRODUCTS_DIR; };
		98B87B3C26119F2F00204D06 /* Talysh_DisctionaryApp.swift */ = {isa = PBXFileReference; lastKnownFileType = sourcecode.swift; path = Talysh_DisctionaryApp.swift; sourceTree = "<group>"; };
		98B87B3E26119F2F00204D06 /* ContentView.swift */ = {isa = PBXFileReference; lastKnownFileType = sourcecode.swift; path = ContentView.swift; sourceTree = "<group>"; };
		98B87B4026119F3200204D06 /* Assets.xcassets */ = {isa = PBXFileReference; lastKnownFileType = folder.assetcatalog; path = Assets.xcassets; sourceTree = "<group>"; };
		98B87B4326119F3200204D06 /* Preview Assets.xcassets */ = {isa = PBXFileReference; lastKnownFileType = folder.assetcatalog; path = "Preview Assets.xcassets"; sourceTree = "<group>"; };
		98B87B4526119F3200204D06 /* Info.plist */ = {isa = PBXFileReference; lastKnownFileType = text.plist.xml; path = Info.plist; sourceTree = "<group>"; };
		98B87B4A26119F3200204D06 /* Talysh DisctionaryTests.xctest */ = {isa = PBXFileReference; explicitFileType = wrapper.cfbundle; includeInIndex = 0; path = "Talysh DisctionaryTests.xctest"; sourceTree = BUILT_PRODUCTS_DIR; };
		98B87B4E26119F3200204D06 /* Talysh_DisctionaryTests.swift */ = {isa = PBXFileReference; lastKnownFileType = sourcecode.swift; path = Talysh_DisctionaryTests.swift; sourceTree = "<group>"; };
		98B87B5026119F3200204D06 /* Info.plist */ = {isa = PBXFileReference; lastKnownFileType = text.plist.xml; path = Info.plist; sourceTree = "<group>"; };
		98B87B5526119F3200204D06 /* Talysh DisctionaryUITests.xctest */ = {isa = PBXFileReference; explicitFileType = wrapper.cfbundle; includeInIndex = 0; path = "Talysh DisctionaryUITests.xctest"; sourceTree = BUILT_PRODUCTS_DIR; };
		98B87B5926119F3200204D06 /* Talysh_DisctionaryUITests.swift */ = {isa = PBXFileReference; lastKnownFileType = sourcecode.swift; path = Talysh_DisctionaryUITests.swift; sourceTree = "<group>"; };
		98B87B5B26119F3200204D06 /* Info.plist */ = {isa = PBXFileReference; lastKnownFileType = text.plist.xml; path = Info.plist; sourceTree = "<group>"; };
		98B87B6A2611C7C600204D06 /* MenusView.swift */ = {isa = PBXFileReference; lastKnownFileType = sourcecode.swift; path = MenusView.swift; sourceTree = "<group>"; };
		98D0BBBC26610F4700E48765 /* View3.swift */ = {isa = PBXFileReference; fileEncoding = 4; lastKnownFileType = sourcecode.swift; path = View3.swift; sourceTree = "<group>"; };
		98D0BBBD26610F4700E48765 /* SettinView.swift */ = {isa = PBXFileReference; fileEncoding = 4; lastKnownFileType = sourcecode.swift; path = SettinView.swift; sourceTree = "<group>"; };
		98D0BBBE26610F4700E48765 /* View2.swift */ = {isa = PBXFileReference; fileEncoding = 4; lastKnownFileType = sourcecode.swift; path = View2.swift; sourceTree = "<group>"; };
		98D0BBBF26610F4800E48765 /* EnumDicti.swift */ = {isa = PBXFileReference; fileEncoding = 4; lastKnownFileType = sourcecode.swift; path = EnumDicti.swift; sourceTree = "<group>"; };
		98D0BBC026610F4800E48765 /* View1.swift */ = {isa = PBXFileReference; fileEncoding = 4; lastKnownFileType = sourcecode.swift; path = View1.swift; sourceTree = "<group>"; };
		98D0BBC126610F4800E48765 /* SubsrcView.swift */ = {isa = PBXFileReference; fileEncoding = 4; lastKnownFileType = sourcecode.swift; path = SubsrcView.swift; sourceTree = "<group>"; };
		98D0BBC226610F4800E48765 /* SharedData.swift */ = {isa = PBXFileReference; fileEncoding = 4; lastKnownFileType = sourcecode.swift; path = SharedData.swift; sourceTree = "<group>"; };
		98D0BBC326610F4800E48765 /* losObject.swift */ = {isa = PBXFileReference; fileEncoding = 4; lastKnownFileType = sourcecode.swift; path = losObject.swift; sourceTree = "<group>"; };
		98D0BBC426610F4800E48765 /* ViewEnums.swift */ = {isa = PBXFileReference; fileEncoding = 4; lastKnownFileType = sourcecode.swift; path = ViewEnums.swift; sourceTree = "<group>"; };
		98D0BBC526610F4800E48765 /* ContactsView.swift */ = {isa = PBXFileReference; fileEncoding = 4; lastKnownFileType = sourcecode.swift; path = ContactsView.swift; sourceTree = "<group>"; };
		98D0BBC626610F4800E48765 /* DataHelp.swift */ = {isa = PBXFileReference; fileEncoding = 4; lastKnownFileType = sourcecode.swift; path = DataHelp.swift; sourceTree = "<group>"; };
		98D0BBD226610F8A00E48765 /* db_data.db */ = {isa = PBXFileReference; lastKnownFileType = file; path = db_data.db; sourceTree = "<group>"; };
		98D0BBD7266111EA00E48765 /* AlphaView.swift */ = {isa = PBXFileReference; fileEncoding = 4; lastKnownFileType = sourcecode.swift; path = AlphaView.swift; sourceTree = "<group>"; };
		F470191D72AC9D0404D1A5B6 /* Pods_Talysh_Disctionary.framework */ = {isa = PBXFileReference; explicitFileType = wrapper.framework; includeInIndex = 0; path = Pods_Talysh_Disctionary.framework; sourceTree = BUILT_PRODUCTS_DIR; };
/* End PBXFileReference section */

/* Begin PBXFrameworksBuildPhase section */
		98B87B3626119F2F00204D06 /* Frameworks */ = {
			isa = PBXFrameworksBuildPhase;
			buildActionMask = 2147483647;
			files = (
				DEEBDF2DEBF3C2AB22DCD17D /* Pods_Talysh_Disctionary.framework in Frameworks */,
			);
			runOnlyForDeploymentPostprocessing = 0;
		};
		98B87B4726119F3200204D06 /* Frameworks */ = {
			isa = PBXFrameworksBuildPhase;
			buildActionMask = 2147483647;
			files = (
			);
			runOnlyForDeploymentPostprocessing = 0;
		};
		98B87B5226119F3200204D06 /* Frameworks */ = {
			isa = PBXFrameworksBuildPhase;
			buildActionMask = 2147483647;
			files = (
			);
			runOnlyForDeploymentPostprocessing = 0;
		};
/* End PBXFrameworksBuildPhase section */

/* Begin PBXGroup section */
		9737D9B21884A510FE61FB9F /* Frameworks */ = {
			isa = PBXGroup;
			children = (
				F470191D72AC9D0404D1A5B6 /* Pods_Talysh_Disctionary.framework */,
			);
			name = Frameworks;
			sourceTree = "<group>";
		};
		98B6DDCA26218185003078F8 /* ElementsText */ = {
			isa = PBXGroup;
			children = (
				98B6DDCB26218197003078F8 /* SimpleText.swift */,
				98B6DDD0262181A4003078F8 /* SimpleOne.swift */,
				9882552826234ACD00126B2B /* AppNavigationBarCustom.swift */,
			);
			path = ElementsText;
			sourceTree = "<group>";
		};
		98B87B3026119F2F00204D06 = {
			isa = PBXGroup;
			children = (
				98684DA526779BF5008807AC /* Localizable.strings */,
				98B87B3B26119F2F00204D06 /* Talysh Disctionary */,
				98B87B4D26119F3200204D06 /* Talysh DisctionaryTests */,
				98B87B5826119F3200204D06 /* Talysh DisctionaryUITests */,
				98B87B3A26119F2F00204D06 /* Products */,
				C261F526481D7F9936F89FD3 /* Pods */,
				9737D9B21884A510FE61FB9F /* Frameworks */,
			);
			sourceTree = "<group>";
		};
		98B87B3A26119F2F00204D06 /* Products */ = {
			isa = PBXGroup;
			children = (
				98B87B3926119F2F00204D06 /* Talysh Disctionary.app */,
				98B87B4A26119F3200204D06 /* Talysh DisctionaryTests.xctest */,
				98B87B5526119F3200204D06 /* Talysh DisctionaryUITests.xctest */,
			);
			name = Products;
			sourceTree = "<group>";
		};
		98B87B3B26119F2F00204D06 /* Talysh Disctionary */ = {
			isa = PBXGroup;
			children = (
				98D0BBD7266111EA00E48765 /* AlphaView.swift */,
				98D0BBD226610F8A00E48765 /* db_data.db */,
				98D0BBC526610F4800E48765 /* ContactsView.swift */,
				98D0BBC626610F4800E48765 /* DataHelp.swift */,
				98D0BBBF26610F4800E48765 /* EnumDicti.swift */,
				98D0BBC326610F4800E48765 /* losObject.swift */,
				98D0BBBD26610F4700E48765 /* SettinView.swift */,
				98D0BBC226610F4800E48765 /* SharedData.swift */,
				98D0BBC126610F4800E48765 /* SubsrcView.swift */,
				98D0BBC026610F4800E48765 /* View1.swift */,
				98684D9A267751D8008807AC /* ScrollElement.swift */,
				98D0BBBE26610F4700E48765 /* View2.swift */,
				98D0BBBC26610F4700E48765 /* View3.swift */,
				98D0BBC426610F4800E48765 /* ViewEnums.swift */,
				98153EDF26884C8D00D7FF78 /* MainText1.swift */,
				98153EE126884FBC00D7FF78 /* MainText3.swift */,
				98B6DDCA26218185003078F8 /* ElementsText */,
				98B87B3C26119F2F00204D06 /* Talysh_DisctionaryApp.swift */,
				98B87B6A2611C7C600204D06 /* MenusView.swift */,
				98B87B3E26119F2F00204D06 /* ContentView.swift */,
				98B87B4026119F3200204D06 /* Assets.xcassets */,
				98B87B4526119F3200204D06 /* Info.plist */,
				98B87B4226119F3200204D06 /* Preview Content */,
				98096D2D267FD94D0041BB64 /* StringLocalize.swift */,
				98096D2F267FD96A0041BB64 /* Language.swift */,
				98096D31267FD9DA0041BB64 /* LocalizationService.swift */,
			);
			path = "Talysh Disctionary";
			sourceTree = "<group>";
		};
		98B87B4226119F3200204D06 /* Preview Content */ = {
			isa = PBXGroup;
			children = (
				98B87B4326119F3200204D06 /* Preview Assets.xcassets */,
			);
			path = "Preview Content";
			sourceTree = "<group>";
		};
		98B87B4D26119F3200204D06 /* Talysh DisctionaryTests */ = {
			isa = PBXGroup;
			children = (
				98B87B4E26119F3200204D06 /* Talysh_DisctionaryTests.swift */,
				98B87B5026119F3200204D06 /* Info.plist */,
			);
			path = "Talysh DisctionaryTests";
			sourceTree = "<group>";
		};
		98B87B5826119F3200204D06 /* Talysh DisctionaryUITests */ = {
			isa = PBXGroup;
			children = (
				98B87B5926119F3200204D06 /* Talysh_DisctionaryUITests.swift */,
				98B87B5B26119F3200204D06 /* Info.plist */,
			);
			path = "Talysh DisctionaryUITests";
			sourceTree = "<group>";
		};
		C261F526481D7F9936F89FD3 /* Pods */ = {
			isa = PBXGroup;
			children = (
				315EC62E1FF84FD9C41C1C73 /* Pods-Talysh Disctionary.debug.xcconfig */,
				90A069B15A675D722A02E5BE /* Pods-Talysh Disctionary.release.xcconfig */,
			);
			path = Pods;
			sourceTree = "<group>";
		};
/* End PBXGroup section */

/* Begin PBXNativeTarget section */
		98B87B3826119F2F00204D06 /* Talysh Disctionary */ = {
			isa = PBXNativeTarget;
			buildConfigurationList = 98B87B5E26119F3200204D06 /* Build configuration list for PBXNativeTarget "Talysh Disctionary" */;
			buildPhases = (
				3D439DEC8B33CD3040EDC9AA /* [CP] Check Pods Manifest.lock */,
				98B87B3526119F2F00204D06 /* Sources */,
				98B87B3626119F2F00204D06 /* Frameworks */,
				98B87B3726119F2F00204D06 /* Resources */,
				6A9C03AD968967889CA03B59 /* [CP] Embed Pods Frameworks */,
			);
			buildRules = (
			);
			dependencies = (
			);
			name = "Talysh Disctionary";
			productName = "Talysh Disctionary";
			productReference = 98B87B3926119F2F00204D06 /* Talysh Disctionary.app */;
			productType = "com.apple.product-type.application";
		};
		98B87B4926119F3200204D06 /* Talysh DisctionaryTests */ = {
			isa = PBXNativeTarget;
			buildConfigurationList = 98B87B6126119F3200204D06 /* Build configuration list for PBXNativeTarget "Talysh DisctionaryTests" */;
			buildPhases = (
				98B87B4626119F3200204D06 /* Sources */,
				98B87B4726119F3200204D06 /* Frameworks */,
				98B87B4826119F3200204D06 /* Resources */,
			);
			buildRules = (
			);
			dependencies = (
				98B87B4C26119F3200204D06 /* PBXTargetDependency */,
			);
			name = "Talysh DisctionaryTests";
			productName = "Talysh DisctionaryTests";
			productReference = 98B87B4A26119F3200204D06 /* Talysh DisctionaryTests.xctest */;
			productType = "com.apple.product-type.bundle.unit-test";
		};
		98B87B5426119F3200204D06 /* Talysh DisctionaryUITests */ = {
			isa = PBXNativeTarget;
			buildConfigurationList = 98B87B6426119F3200204D06 /* Build configuration list for PBXNativeTarget "Talysh DisctionaryUITests" */;
			buildPhases = (
				98B87B5126119F3200204D06 /* Sources */,
				98B87B5226119F3200204D06 /* Frameworks */,
				98B87B5326119F3200204D06 /* Resources */,
			);
			buildRules = (
			);
			dependencies = (
				98B87B5726119F3200204D06 /* PBXTargetDependency */,
			);
			name = "Talysh DisctionaryUITests";
			productName = "Talysh DisctionaryUITests";
			productReference = 98B87B5526119F3200204D06 /* Talysh DisctionaryUITests.xctest */;
			productType = "com.apple.product-type.bundle.ui-testing";
		};
/* End PBXNativeTarget section */

/* Begin PBXProject section */
		98B87B3126119F2F00204D06 /* Project object */ = {
			isa = PBXProject;
			attributes = {
				BuildIndependentTargetsInParallel = YES;
				LastSwiftUpdateCheck = 1240;
				LastUpgradeCheck = 1510;
				TargetAttributes = {
					98B87B3826119F2F00204D06 = {
						CreatedOnToolsVersion = 12.4;
					};
					98B87B4926119F3200204D06 = {
						CreatedOnToolsVersion = 12.4;
						TestTargetID = 98B87B3826119F2F00204D06;
					};
					98B87B5426119F3200204D06 = {
						CreatedOnToolsVersion = 12.4;
						TestTargetID = 98B87B3826119F2F00204D06;
					};
				};
			};
			buildConfigurationList = 98B87B3426119F2F00204D06 /* Build configuration list for PBXProject "Talysh Disctionary" */;
			compatibilityVersion = "Xcode 9.3";
			developmentRegion = en;
			hasScannedForEncodings = 0;
			knownRegions = (
				en,
				Base,
				ru,
				az,
				fa,
			);
			mainGroup = 98B87B3026119F2F00204D06;
			productRefGroup = 98B87B3A26119F2F00204D06 /* Products */;
			projectDirPath = "";
			projectRoot = "";
			targets = (
				98B87B3826119F2F00204D06 /* Talysh Disctionary */,
				98B87B4926119F3200204D06 /* Talysh DisctionaryTests */,
				98B87B5426119F3200204D06 /* Talysh DisctionaryUITests */,
			);
		};
/* End PBXProject section */

/* Begin PBXResourcesBuildPhase section */
		98B87B3726119F2F00204D06 /* Resources */ = {
			isa = PBXResourcesBuildPhase;
			buildActionMask = 2147483647;
			files = (
				98684DA326779BF5008807AC /* Localizable.strings in Resources */,
				98B87B4426119F3200204D06 /* Preview Assets.xcassets in Resources */,
				98B87B4126119F3200204D06 /* Assets.xcassets in Resources */,
				98D0BBD326610F8B00E48765 /* db_data.db in Resources */,
			);
			runOnlyForDeploymentPostprocessing = 0;
		};
		98B87B4826119F3200204D06 /* Resources */ = {
			isa = PBXResourcesBuildPhase;
			buildActionMask = 2147483647;
			files = (
			);
			runOnlyForDeploymentPostprocessing = 0;
		};
		98B87B5326119F3200204D06 /* Resources */ = {
			isa = PBXResourcesBuildPhase;
			buildActionMask = 2147483647;
			files = (
			);
			runOnlyForDeploymentPostprocessing = 0;
		};
/* End PBXResourcesBuildPhase section */

/* Begin PBXShellScriptBuildPhase section */
		3D439DEC8B33CD3040EDC9AA /* [CP] Check Pods Manifest.lock */ = {
			isa = PBXShellScriptBuildPhase;
			buildActionMask = 2147483647;
			files = (
			);
			inputFileListPaths = (
			);
			inputPaths = (
				"${PODS_PODFILE_DIR_PATH}/Podfile.lock",
				"${PODS_ROOT}/Manifest.lock",
			);
			name = "[CP] Check Pods Manifest.lock";
			outputFileListPaths = (
			);
			outputPaths = (
				"$(DERIVED_FILE_DIR)/Pods-Talysh Disctionary-checkManifestLockResult.txt",
			);
			runOnlyForDeploymentPostprocessing = 0;
			shellPath = /bin/sh;
			shellScript = "diff \"${PODS_PODFILE_DIR_PATH}/Podfile.lock\" \"${PODS_ROOT}/Manifest.lock\" > /dev/null\nif [ $? != 0 ] ; then\n    # print error to STDERR\n    echo \"error: The sandbox is not in sync with the Podfile.lock. Run 'pod install' or update your CocoaPods installation.\" >&2\n    exit 1\nfi\n# This output is used by Xcode 'outputs' to avoid re-running this script phase.\necho \"SUCCESS\" > \"${SCRIPT_OUTPUT_FILE_0}\"\n";
			showEnvVarsInLog = 0;
		};
		6A9C03AD968967889CA03B59 /* [CP] Embed Pods Frameworks */ = {
			isa = PBXShellScriptBuildPhase;
			buildActionMask = 2147483647;
			files = (
			);
			inputFileListPaths = (
				"${PODS_ROOT}/Target Support Files/Pods-Talysh Disctionary/Pods-Talysh Disctionary-frameworks-${CONFIGURATION}-input-files.xcfilelist",
			);
			name = "[CP] Embed Pods Frameworks";
			outputFileListPaths = (
				"${PODS_ROOT}/Target Support Files/Pods-Talysh Disctionary/Pods-Talysh Disctionary-frameworks-${CONFIGURATION}-output-files.xcfilelist",
			);
			runOnlyForDeploymentPostprocessing = 0;
			shellPath = /bin/sh;
			shellScript = "\"${PODS_ROOT}/Target Support Files/Pods-Talysh Disctionary/Pods-Talysh Disctionary-frameworks.sh\"\n";
			showEnvVarsInLog = 0;
		};
/* End PBXShellScriptBuildPhase section */

/* Begin PBXSourcesBuildPhase section */
		98B87B3526119F2F00204D06 /* Sources */ = {
			isa = PBXSourcesBuildPhase;
			buildActionMask = 2147483647;
			files = (
				98153EE026884C8D00D7FF78 /* MainText1.swift in Sources */,
				98D0BBCB26610F4800E48765 /* View1.swift in Sources */,
				98096D2E267FD94D0041BB64 /* StringLocalize.swift in Sources */,
				98D0BBCA26610F4800E48765 /* EnumDicti.swift in Sources */,
				98096D30267FD96A0041BB64 /* Language.swift in Sources */,
				98B87B6B2611C7C600204D06 /* MenusView.swift in Sources */,
				98D0BBC926610F4800E48765 /* View2.swift in Sources */,
				98153EE226884FBC00D7FF78 /* MainText3.swift in Sources */,
				9882552926234ACE00126B2B /* AppNavigationBarCustom.swift in Sources */,
				98D0BBD8266111EA00E48765 /* AlphaView.swift in Sources */,
				98096D32267FD9DA0041BB64 /* LocalizationService.swift in Sources */,
				98D0BBCF26610F4800E48765 /* ViewEnums.swift in Sources */,
				98D0BBC726610F4800E48765 /* View3.swift in Sources */,
				98D0BBD026610F4800E48765 /* ContactsView.swift in Sources */,
				98B6DDD1262181A4003078F8 /* SimpleOne.swift in Sources */,
				98D0BBD126610F4800E48765 /* DataHelp.swift in Sources */,
				98B87B3F26119F2F00204D06 /* ContentView.swift in Sources */,
				98D0BBCC26610F4800E48765 /* SubsrcView.swift in Sources */,
				98D0BBC826610F4800E48765 /* SettinView.swift in Sources */,
				98B6DDCC26218197003078F8 /* SimpleText.swift in Sources */,
				98D0BBCE26610F4800E48765 /* losObject.swift in Sources */,
				98B87B3D26119F2F00204D06 /* Talysh_DisctionaryApp.swift in Sources */,
				98684D9B267751D8008807AC /* ScrollElement.swift in Sources */,
				98D0BBCD26610F4800E48765 /* SharedData.swift in Sources */,
			);
			runOnlyForDeploymentPostprocessing = 0;
		};
		98B87B4626119F3200204D06 /* Sources */ = {
			isa = PBXSourcesBuildPhase;
			buildActionMask = 2147483647;
			files = (
				98B87B4F26119F3200204D06 /* Talysh_DisctionaryTests.swift in Sources */,
			);
			runOnlyForDeploymentPostprocessing = 0;
		};
		98B87B5126119F3200204D06 /* Sources */ = {
			isa = PBXSourcesBuildPhase;
			buildActionMask = 2147483647;
			files = (
				98B87B5A26119F3200204D06 /* Talysh_DisctionaryUITests.swift in Sources */,
			);
			runOnlyForDeploymentPostprocessing = 0;
		};
/* End PBXSourcesBuildPhase section */

/* Begin PBXTargetDependency section */
		98B87B4C26119F3200204D06 /* PBXTargetDependency */ = {
			isa = PBXTargetDependency;
			target = 98B87B3826119F2F00204D06 /* Talysh Disctionary */;
			targetProxy = 98B87B4B26119F3200204D06 /* PBXContainerItemProxy */;
		};
		98B87B5726119F3200204D06 /* PBXTargetDependency */ = {
			isa = PBXTargetDependency;
			target = 98B87B3826119F2F00204D06 /* Talysh Disctionary */;
			targetProxy = 98B87B5626119F3200204D06 /* PBXContainerItemProxy */;
		};
/* End PBXTargetDependency section */

/* Begin PBXVariantGroup section */
		98684DA526779BF5008807AC /* Localizable.strings */ = {
			isa = PBXVariantGroup;
			children = (
				98684DA426779BF5008807AC /* ru */,
				98096D35267FDC640041BB64 /* az */,
				98096D36267FDCD80041BB64 /* fa */,
				98096D38267FDDFB0041BB64 /* en */,
			);
			name = Localizable.strings;
			sourceTree = "<group>";
		};
/* End PBXVariantGroup section */

/* Begin XCBuildConfiguration section */
		98B87B5C26119F3200204D06 /* Debug */ = {
			isa = XCBuildConfiguration;
			buildSettings = {
				ALWAYS_SEARCH_USER_PATHS = NO;
				ASSETCATALOG_COMPILER_GENERATE_SWIFT_ASSET_SYMBOL_EXTENSIONS = YES;
				CLANG_ANALYZER_LOCALIZABILITY_NONLOCALIZED = YES;
				CLANG_ANALYZER_NONNULL = YES;
				CLANG_ANALYZER_NUMBER_OBJECT_CONVERSION = YES_AGGRESSIVE;
				CLANG_CXX_LANGUAGE_STANDARD = "gnu++14";
				CLANG_CXX_LIBRARY = "libc++";
				CLANG_ENABLE_MODULES = YES;
				CLANG_ENABLE_OBJC_ARC = YES;
				CLANG_ENABLE_OBJC_WEAK = YES;
				CLANG_WARN_BLOCK_CAPTURE_AUTORELEASING = YES;
				CLANG_WARN_BOOL_CONVERSION = YES;
				CLANG_WARN_COMMA = YES;
				CLANG_WARN_CONSTANT_CONVERSION = YES;
				CLANG_WARN_DEPRECATED_OBJC_IMPLEMENTATIONS = YES;
				CLANG_WARN_DIRECT_OBJC_ISA_USAGE = YES_ERROR;
				CLANG_WARN_DOCUMENTATION_COMMENTS = YES;
				CLANG_WARN_EMPTY_BODY = YES;
				CLANG_WARN_ENUM_CONVERSION = YES;
				CLANG_WARN_INFINITE_RECURSION = YES;
				CLANG_WARN_INT_CONVERSION = YES;
				CLANG_WARN_NON_LITERAL_NULL_CONVERSION = YES;
				CLANG_WARN_OBJC_IMPLICIT_RETAIN_SELF = YES;
				CLANG_WARN_OBJC_LITERAL_CONVERSION = YES;
				CLANG_WARN_OBJC_ROOT_CLASS = YES_ERROR;
				CLANG_WARN_QUOTED_INCLUDE_IN_FRAMEWORK_HEADER = YES;
				CLANG_WARN_RANGE_LOOP_ANALYSIS = YES;
				CLANG_WARN_STRICT_PROTOTYPES = YES;
				CLANG_WARN_SUSPICIOUS_MOVE = YES;
				CLANG_WARN_UNGUARDED_AVAILABILITY = YES_AGGRESSIVE;
				CLANG_WARN_UNREACHABLE_CODE = YES;
				CLANG_WARN__DUPLICATE_METHOD_MATCH = YES;
				COPY_PHASE_STRIP = NO;
				DEBUG_INFORMATION_FORMAT = dwarf;
				ENABLE_STRICT_OBJC_MSGSEND = YES;
				ENABLE_TESTABILITY = YES;
				ENABLE_USER_SCRIPT_SANDBOXING = YES;
				GCC_C_LANGUAGE_STANDARD = gnu11;
				GCC_DYNAMIC_NO_PIC = NO;
				GCC_NO_COMMON_BLOCKS = YES;
				GCC_OPTIMIZATION_LEVEL = 0;
				GCC_PREPROCESSOR_DEFINITIONS = (
					"DEBUG=1",
					"$(inherited)",
				);
				GCC_WARN_64_TO_32_BIT_CONVERSION = YES;
				GCC_WARN_ABOUT_RETURN_TYPE = YES_ERROR;
				GCC_WARN_UNDECLARED_SELECTOR = YES;
				GCC_WARN_UNINITIALIZED_AUTOS = YES_AGGRESSIVE;
				GCC_WARN_UNUSED_FUNCTION = YES;
				GCC_WARN_UNUSED_VARIABLE = YES;
				IPHONEOS_DEPLOYMENT_TARGET = 17.2;
				MTL_ENABLE_DEBUG_INFO = INCLUDE_SOURCE;
				MTL_FAST_MATH = YES;
				ONLY_ACTIVE_ARCH = YES;
				SDKROOT = iphoneos;
				SWIFT_ACTIVE_COMPILATION_CONDITIONS = DEBUG;
				SWIFT_OPTIMIZATION_LEVEL = "-Onone";
			};
			name = Debug;
		};
		98B87B5D26119F3200204D06 /* Release */ = {
			isa = XCBuildConfiguration;
			buildSettings = {
				ALWAYS_SEARCH_USER_PATHS = NO;
				ASSETCATALOG_COMPILER_GENERATE_SWIFT_ASSET_SYMBOL_EXTENSIONS = YES;
				CLANG_ANALYZER_LOCALIZABILITY_NONLOCALIZED = YES;
				CLANG_ANALYZER_NONNULL = YES;
				CLANG_ANALYZER_NUMBER_OBJECT_CONVERSION = YES_AGGRESSIVE;
				CLANG_CXX_LANGUAGE_STANDARD = "gnu++14";
				CLANG_CXX_LIBRARY = "libc++";
				CLANG_ENABLE_MODULES = YES;
				CLANG_ENABLE_OBJC_ARC = YES;
				CLANG_ENABLE_OBJC_WEAK = YES;
				CLANG_WARN_BLOCK_CAPTURE_AUTORELEASING = YES;
				CLANG_WARN_BOOL_CONVERSION = YES;
				CLANG_WARN_COMMA = YES;
				CLANG_WARN_CONSTANT_CONVERSION = YES;
				CLANG_WARN_DEPRECATED_OBJC_IMPLEMENTATIONS = YES;
				CLANG_WARN_DIRECT_OBJC_ISA_USAGE = YES_ERROR;
				CLANG_WARN_DOCUMENTATION_COMMENTS = YES;
				CLANG_WARN_EMPTY_BODY = YES;
				CLANG_WARN_ENUM_CONVERSION = YES;
				CLANG_WARN_INFINITE_RECURSION = YES;
				CLANG_WARN_INT_CONVERSION = YES;
				CLANG_WARN_NON_LITERAL_NULL_CONVERSION = YES;
				CLANG_WARN_OBJC_IMPLICIT_RETAIN_SELF = YES;
				CLANG_WARN_OBJC_LITERAL_CONVERSION = YES;
				CLANG_WARN_OBJC_ROOT_CLASS = YES_ERROR;
				CLANG_WARN_QUOTED_INCLUDE_IN_FRAMEWORK_HEADER = YES;
				CLANG_WARN_RANGE_LOOP_ANALYSIS = YES;
				CLANG_WARN_STRICT_PROTOTYPES = YES;
				CLANG_WARN_SUSPICIOUS_MOVE = YES;
				CLANG_WARN_UNGUARDED_AVAILABILITY = YES_AGGRESSIVE;
				CLANG_WARN_UNREACHABLE_CODE = YES;
				CLANG_WARN__DUPLICATE_METHOD_MATCH = YES;
				COPY_PHASE_STRIP = NO;
				DEBUG_INFORMATION_FORMAT = "dwarf-with-dsym";
				ENABLE_NS_ASSERTIONS = NO;
				ENABLE_STRICT_OBJC_MSGSEND = YES;
				ENABLE_USER_SCRIPT_SANDBOXING = YES;
				GCC_C_LANGUAGE_STANDARD = gnu11;
				GCC_NO_COMMON_BLOCKS = YES;
				GCC_WARN_64_TO_32_BIT_CONVERSION = YES;
				GCC_WARN_ABOUT_RETURN_TYPE = YES_ERROR;
				GCC_WARN_UNDECLARED_SELECTOR = YES;
				GCC_WARN_UNINITIALIZED_AUTOS = YES_AGGRESSIVE;
				GCC_WARN_UNUSED_FUNCTION = YES;
				GCC_WARN_UNUSED_VARIABLE = YES;
				IPHONEOS_DEPLOYMENT_TARGET = 17.2;
				MTL_ENABLE_DEBUG_INFO = NO;
				MTL_FAST_MATH = YES;
				SDKROOT = iphoneos;
				SWIFT_COMPILATION_MODE = wholemodule;
				SWIFT_OPTIMIZATION_LEVEL = "-O";
				VALIDATE_PRODUCT = YES;
			};
			name = Release;
		};
		98B87B5F26119F3200204D06 /* Debug */ = {
			isa = XCBuildConfiguration;
			baseConfigurationReference = 315EC62E1FF84FD9C41C1C73 /* Pods-Talysh Disctionary.debug.xcconfig */;
			buildSettings = {
				ASSETCATALOG_COMPILER_APPICON_NAME = AppIcon;
				ASSETCATALOG_COMPILER_GLOBAL_ACCENT_COLOR_NAME = AccentColor;
				CODE_SIGN_IDENTITY = "Apple Development";
				CODE_SIGN_STYLE = Automatic;
				CURRENT_PROJECT_VERSION = 16;
				DEVELOPMENT_ASSET_PATHS = "\"Talysh Disctionary/Preview Content\"";
				DEVELOPMENT_TEAM = HPX765MXL5;
				ENABLE_PREVIEWS = YES;
				ENABLE_USER_SCRIPT_SANDBOXING = NO;
				INFOPLIST_FILE = "Talysh Disctionary/Info.plist";
				IPHONEOS_DEPLOYMENT_TARGET = 17.2;
				LD_RUNPATH_SEARCH_PATHS = (
					"$(inherited)",
					"@executable_path/Frameworks",
				);
				MARKETING_VERSION = 2.5;
				PRODUCT_BUNDLE_IDENTIFIER = com.loscenekita.talyshdisctionary;
				PRODUCT_NAME = "$(TARGET_NAME)";
				PROVISIONING_PROFILE_SPECIFIER = "";
				SWIFT_VERSION = 5.0;
				TARGETED_DEVICE_FAMILY = 1;
			};
			name = Debug;
		};
		98B87B6026119F3200204D06 /* Release */ = {
			isa = XCBuildConfiguration;
			baseConfigurationReference = 90A069B15A675D722A02E5BE /* Pods-Talysh Disctionary.release.xcconfig */;
			buildSettings = {
				ASSETCATALOG_COMPILER_APPICON_NAME = AppIcon;
				ASSETCATALOG_COMPILER_GLOBAL_ACCENT_COLOR_NAME = AccentColor;
				CODE_SIGN_IDENTITY = "Apple Development";
				CODE_SIGN_STYLE = Automatic;
				CURRENT_PROJECT_VERSION = 16;
				DEVELOPMENT_ASSET_PATHS = "\"Talysh Disctionary/Preview Content\"";
				DEVELOPMENT_TEAM = HPX765MXL5;
				ENABLE_PREVIEWS = YES;
				ENABLE_USER_SCRIPT_SANDBOXING = NO;
				INFOPLIST_FILE = "Talysh Disctionary/Info.plist";
				IPHONEOS_DEPLOYMENT_TARGET = 17.2;
				LD_RUNPATH_SEARCH_PATHS = (
					"$(inherited)",
					"@executable_path/Frameworks",
				);
				MARKETING_VERSION = 2.5;
				PRODUCT_BUNDLE_IDENTIFIER = com.loscenekita.talyshdisctionary;
				PRODUCT_NAME = "$(TARGET_NAME)";
				PROVISIONING_PROFILE_SPECIFIER = "";
				SWIFT_VERSION = 5.0;
				TARGETED_DEVICE_FAMILY = 1;
			};
			name = Release;
		};
		98B87B6226119F3200204D06 /* Debug */ = {
			isa = XCBuildConfiguration;
			buildSettings = {
				ALWAYS_EMBED_SWIFT_STANDARD_LIBRARIES = YES;
				BUNDLE_LOADER = "$(TEST_HOST)";
				CODE_SIGN_STYLE = Automatic;
				DEVELOPMENT_TEAM = HPX765MXL5;
				INFOPLIST_FILE = "Talysh DisctionaryTests/Info.plist";
				IPHONEOS_DEPLOYMENT_TARGET = 14.0;
				LD_RUNPATH_SEARCH_PATHS = (
					"$(inherited)",
					"@executable_path/Frameworks",
					"@loader_path/Frameworks",
				);
				PRODUCT_BUNDLE_IDENTIFIER = "com.convertmiditowav.loscenekita.Talysh-DisctionaryTests";
				PRODUCT_NAME = "$(TARGET_NAME)";
				SWIFT_VERSION = 5.0;
				TARGETED_DEVICE_FAMILY = "1,2";
				TEST_HOST = "$(BUILT_PRODUCTS_DIR)/Talysh Disctionary.app/Talysh Disctionary";
			};
			name = Debug;
		};
		98B87B6326119F3200204D06 /* Release */ = {
			isa = XCBuildConfiguration;
			buildSettings = {
				ALWAYS_EMBED_SWIFT_STANDARD_LIBRARIES = YES;
				BUNDLE_LOADER = "$(TEST_HOST)";
				CODE_SIGN_STYLE = Automatic;
				DEVELOPMENT_TEAM = HPX765MXL5;
				INFOPLIST_FILE = "Talysh DisctionaryTests/Info.plist";
				IPHONEOS_DEPLOYMENT_TARGET = 14.0;
				LD_RUNPATH_SEARCH_PATHS = (
					"$(inherited)",
					"@executable_path/Frameworks",
					"@loader_path/Frameworks",
				);
				PRODUCT_BUNDLE_IDENTIFIER = "com.convertmiditowav.loscenekita.Talysh-DisctionaryTests";
				PRODUCT_NAME = "$(TARGET_NAME)";
				SWIFT_VERSION = 5.0;
				TARGETED_DEVICE_FAMILY = "1,2";
				TEST_HOST = "$(BUILT_PRODUCTS_DIR)/Talysh Disctionary.app/Talysh Disctionary";
			};
			name = Release;
		};
		98B87B6526119F3200204D06 /* Debug */ = {
			isa = XCBuildConfiguration;
			buildSettings = {
				ALWAYS_EMBED_SWIFT_STANDARD_LIBRARIES = YES;
				CODE_SIGN_STYLE = Automatic;
				DEVELOPMENT_TEAM = HPX765MXL5;
				INFOPLIST_FILE = "Talysh DisctionaryUITests/Info.plist";
				LD_RUNPATH_SEARCH_PATHS = (
					"$(inherited)",
					"@executable_path/Frameworks",
					"@loader_path/Frameworks",
				);
				PRODUCT_BUNDLE_IDENTIFIER = "com.convertmiditowav.loscenekita.Talysh-DisctionaryUITests";
				PRODUCT_NAME = "$(TARGET_NAME)";
				SWIFT_VERSION = 5.0;
				TARGETED_DEVICE_FAMILY = "1,2";
				TEST_TARGET_NAME = "Talysh Disctionary";
			};
			name = Debug;
		};
		98B87B6626119F3200204D06 /* Release */ = {
			isa = XCBuildConfiguration;
			buildSettings = {
				ALWAYS_EMBED_SWIFT_STANDARD_LIBRARIES = YES;
				CODE_SIGN_STYLE = Automatic;
				DEVELOPMENT_TEAM = HPX765MXL5;
				INFOPLIST_FILE = "Talysh DisctionaryUITests/Info.plist";
				LD_RUNPATH_SEARCH_PATHS = (
					"$(inherited)",
					"@executable_path/Frameworks",
					"@loader_path/Frameworks",
				);
				PRODUCT_BUNDLE_IDENTIFIER = "com.convertmiditowav.loscenekita.Talysh-DisctionaryUITests";
				PRODUCT_NAME = "$(TARGET_NAME)";
				SWIFT_VERSION = 5.0;
				TARGETED_DEVICE_FAMILY = "1,2";
				TEST_TARGET_NAME = "Talysh Disctionary";
			};
			name = Release;
		};
/* End XCBuildConfiguration section */

/* Begin XCConfigurationList section */
		98B87B3426119F2F00204D06 /* Build configuration list for PBXProject "Talysh Disctionary" */ = {
			isa = XCConfigurationList;
			buildConfigurations = (
				98B87B5C26119F3200204D06 /* Debug */,
				98B87B5D26119F3200204D06 /* Release */,
			);
			defaultConfigurationIsVisible = 0;
			defaultConfigurationName = Release;
		};
		98B87B5E26119F3200204D06 /* Build configuration list for PBXNativeTarget "Talysh Disctionary" */ = {
			isa = XCConfigurationList;
			buildConfigurations = (
				98B87B5F26119F3200204D06 /* Debug */,
				98B87B6026119F3200204D06 /* Release */,
			);
			defaultConfigurationIsVisible = 0;
			defaultConfigurationName = Release;
		};
		98B87B6126119F3200204D06 /* Build configuration list for PBXNativeTarget "Talysh DisctionaryTests" */ = {
			isa = XCConfigurationList;
			buildConfigurations = (
				98B87B6226119F3200204D06 /* Debug */,
				98B87B6326119F3200204D06 /* Release */,
			);
			defaultConfigurationIsVisible = 0;
			defaultConfigurationName = Release;
		};
		98B87B6426119F3200204D06 /* Build configuration list for PBXNativeTarget "Talysh DisctionaryUITests" */ = {
			isa = XCConfigurationList;
			buildConfigurations = (
				98B87B6526119F3200204D06 /* Debug */,
				98B87B6626119F3200204D06 /* Release */,
			);
			defaultConfigurationIsVisible = 0;
			defaultConfigurationName = Release;
		};
/* End XCConfigurationList section */
	};
	rootObject = 98B87B3126119F2F00204D06 /* Project object */;
}
